
Microsoft Visual Studio Solution File, Format Version 12.00
# Visual Studio 15
VisualStudioVersion = 15.0.26730.16
MinimumVisualStudioVersion = 10.0.40219.1
Project("{FAE04EC0-301F-11D3-BF4B-00C04F79EFBC}") = "MQTTBridge", "MQTTBridge\MQTTBridge.csproj", "{A8D446D9-822E-4E68-8C05-899FC085DDA3}"
EndProject
Global
	GlobalSection(SolutionConfigurationPlatforms) = preSolution
		Debug|Any CPU = Debug|Any CPU
		Release|Any CPU = Release|Any CPU
	EndGlobalSection
	GlobalSection(ProjectConfigurationPlatforms) = postSolution
		{A8D446D9-822E-4E68-8C05-899FC085DDA3}.Debug|Any CPU.ActiveCfg = Debug|Any CPU
		{A8D446D9-822E-4E68-8C05-899FC085DDA3}.Debug|Any CPU.Build.0 = Debug|Any CPU
		{A8D446D9-822E-4E68-8C05-899FC085DDA3}.Release|Any CPU.ActiveCfg = Release|Any CPU
		{A8D446D9-822E-4E68-8C05-899FC085DDA3}.Release|Any CPU.Build.0 = Release|Any CPU
	EndGlobalSection
	GlobalSection(SolutionProperties) = preSolution
		HideSolutionNode = FALSE
	EndGlobalSection
	GlobalSection(ExtensibilityGlobals) = postSolution
		SolutionGuid = {1A380153-FCC0-4160-84F5-C21ABD74609C}
	EndGlobalSection
EndGlobal
